
Microsoft Visual Studio Solution File, Format Version 12.00
# Visual Studio Version 16
VisualStudioVersion = 16.0.810.14
MinimumVisualStudioVersion = 10.0.40219.1
Project("{F2A71F9B-5D33-465A-A702-920D77279786}") = "aoc-21", "aoc-21\aoc-21.fsproj", "{1F334C40-E416-4F5B-A9DA-994815386AFA}"
EndProject
Global
	GlobalSection(SolutionConfigurationPlatforms) = preSolution
		Debug|anycpu = Debug|anycpu
		Release|anycpu = Release|anycpu
	EndGlobalSection
	GlobalSection(ProjectConfigurationPlatforms) = postSolution
		{1F334C40-E416-4F5B-A9DA-994815386AFA}.Debug|anycpu.ActiveCfg = Debug|anycpu
		{1F334C40-E416-4F5B-A9DA-994815386AFA}.Debug|anycpu.Build.0 = Debug|anycpu
		{1F334C40-E416-4F5B-A9DA-994815386AFA}.Release|anycpu.ActiveCfg = Release|anycpu
		{1F334C40-E416-4F5B-A9DA-994815386AFA}.Release|anycpu.Build.0 = Release|anycpu
	EndGlobalSection
	GlobalSection(SolutionProperties) = preSolution
		HideSolutionNode = FALSE
	EndGlobalSection
	GlobalSection(ExtensibilityGlobals) = postSolution
		SolutionGuid = {3BB2789D-0F06-48A7-8925-6C81F7E097F8}
	EndGlobalSection
EndGlobal
