
Microsoft Visual Studio Solution File, Format Version 12.00
# Visual Studio Version 16
VisualStudioVersion = 16.0.810.14
MinimumVisualStudioVersion = 10.0.40219.1
Project("{F2A71F9B-5D33-465A-A702-920D77279786}") = "aoc-22", "aoc-22\aoc-22.fsproj", "{8F2AF7B9-7279-4ED7-9B6E-94FA5E1DF767}"
EndProject
Global
	GlobalSection(SolutionConfigurationPlatforms) = preSolution
		Debug|anycpu = Debug|anycpu
		Release|anycpu = Release|anycpu
	EndGlobalSection
	GlobalSection(ProjectConfigurationPlatforms) = postSolution
		{8F2AF7B9-7279-4ED7-9B6E-94FA5E1DF767}.Debug|anycpu.ActiveCfg = Debug|anycpu
		{8F2AF7B9-7279-4ED7-9B6E-94FA5E1DF767}.Debug|anycpu.Build.0 = Debug|anycpu
		{8F2AF7B9-7279-4ED7-9B6E-94FA5E1DF767}.Release|anycpu.ActiveCfg = Release|anycpu
		{8F2AF7B9-7279-4ED7-9B6E-94FA5E1DF767}.Release|anycpu.Build.0 = Release|anycpu
	EndGlobalSection
	GlobalSection(SolutionProperties) = preSolution
		HideSolutionNode = FALSE
	EndGlobalSection
	GlobalSection(ExtensibilityGlobals) = postSolution
		SolutionGuid = {88848DB0-0096-44F5-BA05-3F2A6A979478}
	EndGlobalSection
EndGlobal
